
Microsoft Visual Studio Solution File, Format Version 11.00
# Visual Studio 2010
Project("{FAE04EC0-301F-11D3-BF4B-00C04F79EFBC}") = "Assembly-CSharp", "Assembly-CSharp.csproj", "{DCD0DA81-AEA6-ACB9-9BEF-6E448CA4FCAB}"
EndProject
Project("{FAE04EC0-301F-11D3-BF4B-00C04F79EFBC}") = "Assembly-CSharp-Editor", "Assembly-CSharp-Editor.csproj", "{42CB5FD4-9227-AAA1-9E28-68E54AC6DE67}"
EndProject
Global
	GlobalSection(SolutionConfigurationPlatforms) = preSolution
		Debug|Any CPU = Debug|Any CPU
		Release|Any CPU = Release|Any CPU
	EndGlobalSection
	GlobalSection(ProjectConfigurationPlatforms) = postSolution
		{DCD0DA81-AEA6-ACB9-9BEF-6E448CA4FCAB}.Debug|Any CPU.ActiveCfg = Debug|Any CPU
		{DCD0DA81-AEA6-ACB9-9BEF-6E448CA4FCAB}.Debug|Any CPU.Build.0 = Debug|Any CPU
		{DCD0DA81-AEA6-ACB9-9BEF-6E448CA4FCAB}.Release|Any CPU.ActiveCfg = Release|Any CPU
		{DCD0DA81-AEA6-ACB9-9BEF-6E448CA4FCAB}.Release|Any CPU.Build.0 = Release|Any CPU
		{42CB5FD4-9227-AAA1-9E28-68E54AC6DE67}.Debug|Any CPU.ActiveCfg = Debug|Any CPU
		{42CB5FD4-9227-AAA1-9E28-68E54AC6DE67}.Debug|Any CPU.Build.0 = Debug|Any CPU
		{42CB5FD4-9227-AAA1-9E28-68E54AC6DE67}.Release|Any CPU.ActiveCfg = Release|Any CPU
		{42CB5FD4-9227-AAA1-9E28-68E54AC6DE67}.Release|Any CPU.Build.0 = Release|Any CPU
	EndGlobalSection
	GlobalSection(SolutionProperties) = preSolution
		HideSolutionNode = FALSE
	EndGlobalSection
	GlobalSection(MonoDevelopProperties) = preSolution
		StartupItem = Assembly-CSharp.csproj
	EndGlobalSection
EndGlobal
